// !$*UTF8*$!
{
	archiveVersion = 1;
	classes = {
	};
	objectVersion = 48;
	objects = {

/* Begin PBXBuildFile section */
		23E30F70ACA2A86D6271BE1C /* Pods_instagram.framework in Frameworks */ = {isa = PBXBuildFile; fileRef = 371AB3A6BCE032C14C045E5F /* Pods_instagram.framework */; };
		C418EFDA203CB968004D2712 /* AppDelegate.swift in Sources */ = {isa = PBXBuildFile; fileRef = C418EFD9203CB968004D2712 /* AppDelegate.swift */; };
		C418EFDC203CB968004D2712 /* ViewController.swift in Sources */ = {isa = PBXBuildFile; fileRef = C418EFDB203CB968004D2712 /* ViewController.swift */; };
		C418EFDF203CB968004D2712 /* Main.storyboard in Resources */ = {isa = PBXBuildFile; fileRef = C418EFDD203CB968004D2712 /* Main.storyboard */; };
		C418EFE1203CB968004D2712 /* Assets.xcassets in Resources */ = {isa = PBXBuildFile; fileRef = C418EFE0203CB968004D2712 /* Assets.xcassets */; };
		C418EFE4203CB968004D2712 /* LaunchScreen.storyboard in Resources */ = {isa = PBXBuildFile; fileRef = C418EFE2203CB968004D2712 /* LaunchScreen.storyboard */; };
		C418EFEF203CB969004D2712 /* instagramTests.swift in Sources */ = {isa = PBXBuildFile; fileRef = C418EFEE203CB969004D2712 /* instagramTests.swift */; };
		C418EFFA203CB969004D2712 /* instagramUITests.swift in Sources */ = {isa = PBXBuildFile; fileRef = C418EFF9203CB969004D2712 /* instagramUITests.swift */; };
		C4DE94B3203CFB58002D996E /* LoginViewController.swift in Sources */ = {isa = PBXBuildFile; fileRef = C4DE94B2203CFB58002D996E /* LoginViewController.swift */; };
		CF6B4B90A8255A5DC36DEC2A /* Pods_instagramTests.framework in Frameworks */ = {isa = PBXBuildFile; fileRef = 7526E8215E1E67D05E1FF051 /* Pods_instagramTests.framework */; };
		D2318CD4F4B0FB570AB94642 /* Pods_instagramUITests.framework in Frameworks */ = {isa = PBXBuildFile; fileRef = 4E43F3A1CF97C7448EE731F0 /* Pods_instagramUITests.framework */; };
/* End PBXBuildFile section */

/* Begin PBXContainerItemProxy section */
		C418EFEB203CB969004D2712 /* PBXContainerItemProxy */ = {
			isa = PBXContainerItemProxy;
			containerPortal = C418EFCE203CB968004D2712 /* Project object */;
			proxyType = 1;
			remoteGlobalIDString = C418EFD5203CB968004D2712;
			remoteInfo = instagram;
		};
		C418EFF6203CB969004D2712 /* PBXContainerItemProxy */ = {
			isa = PBXContainerItemProxy;
			containerPortal = C418EFCE203CB968004D2712 /* Project object */;
			proxyType = 1;
			remoteGlobalIDString = C418EFD5203CB968004D2712;
			remoteInfo = instagram;
		};
/* End PBXContainerItemProxy section */

/* Begin PBXFileReference section */
		241891B7EAC19CC864647DBF /* Pods-instagramUITests.release.xcconfig */ = {isa = PBXFileReference; includeInIndex = 1; lastKnownFileType = text.xcconfig; name = "Pods-instagramUITests.release.xcconfig"; path = "Pods/Target Support Files/Pods-instagramUITests/Pods-instagramUITests.release.xcconfig"; sourceTree = "<group>"; };
		371AB3A6BCE032C14C045E5F /* Pods_instagram.framework */ = {isa = PBXFileReference; explicitFileType = wrapper.framework; includeInIndex = 0; path = Pods_instagram.framework; sourceTree = BUILT_PRODUCTS_DIR; };
		4E43F3A1CF97C7448EE731F0 /* Pods_instagramUITests.framework */ = {isa = PBXFileReference; explicitFileType = wrapper.framework; includeInIndex = 0; path = Pods_instagramUITests.framework; sourceTree = BUILT_PRODUCTS_DIR; };
		7526E8215E1E67D05E1FF051 /* Pods_instagramTests.framework */ = {isa = PBXFileReference; explicitFileType = wrapper.framework; includeInIndex = 0; path = Pods_instagramTests.framework; sourceTree = BUILT_PRODUCTS_DIR; };
		A49D7C356CD80EE83F15729F /* Pods-instagramTests.debug.xcconfig */ = {isa = PBXFileReference; includeInIndex = 1; lastKnownFileType = text.xcconfig; name = "Pods-instagramTests.debug.xcconfig"; path = "Pods/Target Support Files/Pods-instagramTests/Pods-instagramTests.debug.xcconfig"; sourceTree = "<group>"; };
		C014CC7049B05E81229C78BB /* Pods-instagram.debug.xcconfig */ = {isa = PBXFileReference; includeInIndex = 1; lastKnownFileType = text.xcconfig; name = "Pods-instagram.debug.xcconfig"; path = "Pods/Target Support Files/Pods-instagram/Pods-instagram.debug.xcconfig"; sourceTree = "<group>"; };
		C418EFD6203CB968004D2712 /* instagram.app */ = {isa = PBXFileReference; explicitFileType = wrapper.application; includeInIndex = 0; path = instagram.app; sourceTree = BUILT_PRODUCTS_DIR; };
		C418EFD9203CB968004D2712 /* AppDelegate.swift */ = {isa = PBXFileReference; lastKnownFileType = sourcecode.swift; path = AppDelegate.swift; sourceTree = "<group>"; };
		C418EFDB203CB968004D2712 /* ViewController.swift */ = {isa = PBXFileReference; lastKnownFileType = sourcecode.swift; path = ViewController.swift; sourceTree = "<group>"; };
		C418EFDE203CB968004D2712 /* Base */ = {isa = PBXFileReference; lastKnownFileType = file.storyboard; name = Base; path = Base.lproj/Main.storyboard; sourceTree = "<group>"; };
		C418EFE0203CB968004D2712 /* Assets.xcassets */ = {isa = PBXFileReference; lastKnownFileType = folder.assetcatalog; path = Assets.xcassets; sourceTree = "<group>"; };
		C418EFE3203CB968004D2712 /* Base */ = {isa = PBXFileReference; lastKnownFileType = file.storyboard; name = Base; path = Base.lproj/LaunchScreen.storyboard; sourceTree = "<group>"; };
		C418EFE5203CB968004D2712 /* Info.plist */ = {isa = PBXFileReference; lastKnownFileType = text.plist.xml; path = Info.plist; sourceTree = "<group>"; };
		C418EFEA203CB969004D2712 /* instagramTests.xctest */ = {isa = PBXFileReference; explicitFileType = wrapper.cfbundle; includeInIndex = 0; path = instagramTests.xctest; sourceTree = BUILT_PRODUCTS_DIR; };
		C418EFEE203CB969004D2712 /* instagramTests.swift */ = {isa = PBXFileReference; lastKnownFileType = sourcecode.swift; path = instagramTests.swift; sourceTree = "<group>"; };
		C418EFF0203CB969004D2712 /* Info.plist */ = {isa = PBXFileReference; lastKnownFileType = text.plist.xml; path = Info.plist; sourceTree = "<group>"; };
		C418EFF5203CB969004D2712 /* instagramUITests.xctest */ = {isa = PBXFileReference; explicitFileType = wrapper.cfbundle; includeInIndex = 0; path = instagramUITests.xctest; sourceTree = BUILT_PRODUCTS_DIR; };
		C418EFF9203CB969004D2712 /* instagramUITests.swift */ = {isa = PBXFileReference; lastKnownFileType = sourcecode.swift; path = instagramUITests.swift; sourceTree = "<group>"; };
		C418EFFB203CB969004D2712 /* Info.plist */ = {isa = PBXFileReference; lastKnownFileType = text.plist.xml; path = Info.plist; sourceTree = "<group>"; };
		C4DE94B2203CFB58002D996E /* LoginViewController.swift */ = {isa = PBXFileReference; lastKnownFileType = sourcecode.swift; path = LoginViewController.swift; sourceTree = "<group>"; };
		E8CFA48D84BC4E15457B5A78 /* Pods-instagram.release.xcconfig */ = {isa = PBXFileReference; includeInIndex = 1; lastKnownFileType = text.xcconfig; name = "Pods-instagram.release.xcconfig"; path = "Pods/Target Support Files/Pods-instagram/Pods-instagram.release.xcconfig"; sourceTree = "<group>"; };
		F4A28AD260AF1CB289446A0A /* Pods-instagramTests.release.xcconfig */ = {isa = PBXFileReference; includeInIndex = 1; lastKnownFileType = text.xcconfig; name = "Pods-instagramTests.release.xcconfig"; path = "Pods/Target Support Files/Pods-instagramTests/Pods-instagramTests.release.xcconfig"; sourceTree = "<group>"; };
		FE3FEAD119A999D0097CC42C /* Pods-instagramUITests.debug.xcconfig */ = {isa = PBXFileReference; includeInIndex = 1; lastKnownFileType = text.xcconfig; name = "Pods-instagramUITests.debug.xcconfig"; path = "Pods/Target Support Files/Pods-instagramUITests/Pods-instagramUITests.debug.xcconfig"; sourceTree = "<group>"; };
/* End PBXFileReference section */

/* Begin PBXFrameworksBuildPhase section */
		C418EFD3203CB968004D2712 /* Frameworks */ = {
			isa = PBXFrameworksBuildPhase;
			buildActionMask = 2147483647;
			files = (
				23E30F70ACA2A86D6271BE1C /* Pods_instagram.framework in Frameworks */,
			);
			runOnlyForDeploymentPostprocessing = 0;
		};
		C418EFE7203CB969004D2712 /* Frameworks */ = {
			isa = PBXFrameworksBuildPhase;
			buildActionMask = 2147483647;
			files = (
				CF6B4B90A8255A5DC36DEC2A /* Pods_instagramTests.framework in Frameworks */,
			);
			runOnlyForDeploymentPostprocessing = 0;
		};
		C418EFF2203CB969004D2712 /* Frameworks */ = {
			isa = PBXFrameworksBuildPhase;
			buildActionMask = 2147483647;
			files = (
				D2318CD4F4B0FB570AB94642 /* Pods_instagramUITests.framework in Frameworks */,
			);
			runOnlyForDeploymentPostprocessing = 0;
		};
/* End PBXFrameworksBuildPhase section */

/* Begin PBXGroup section */
		3CBD642738F78B448057FC10 /* Frameworks */ = {
			isa = PBXGroup;
			children = (
				371AB3A6BCE032C14C045E5F /* Pods_instagram.framework */,
				7526E8215E1E67D05E1FF051 /* Pods_instagramTests.framework */,
				4E43F3A1CF97C7448EE731F0 /* Pods_instagramUITests.framework */,
			);
			name = Frameworks;
			sourceTree = "<group>";
		};
		C418EFCD203CB968004D2712 = {
			isa = PBXGroup;
			children = (
				C418EFD8203CB968004D2712 /* instagram */,
				C418EFED203CB969004D2712 /* instagramTests */,
				C418EFF8203CB969004D2712 /* instagramUITests */,
				C418EFD7203CB968004D2712 /* Products */,
				C8116D7B6C72F7E581B8D6F3 /* Pods */,
				3CBD642738F78B448057FC10 /* Frameworks */,
			);
			sourceTree = "<group>";
		};
		C418EFD7203CB968004D2712 /* Products */ = {
			isa = PBXGroup;
			children = (
				C418EFD6203CB968004D2712 /* instagram.app */,
				C418EFEA203CB969004D2712 /* instagramTests.xctest */,
				C418EFF5203CB969004D2712 /* instagramUITests.xctest */,
			);
			name = Products;
			sourceTree = "<group>";
		};
		C418EFD8203CB968004D2712 /* instagram */ = {
			isa = PBXGroup;
			children = (
				C4DE94B2203CFB58002D996E /* LoginViewController.swift */,
				C418EFD9203CB968004D2712 /* AppDelegate.swift */,
				C418EFDB203CB968004D2712 /* ViewController.swift */,
				C418EFDD203CB968004D2712 /* Main.storyboard */,
				C418EFE0203CB968004D2712 /* Assets.xcassets */,
				C418EFE2203CB968004D2712 /* LaunchScreen.storyboard */,
				C418EFE5203CB968004D2712 /* Info.plist */,
			);
			path = instagram;
			sourceTree = "<group>";
		};
		C418EFED203CB969004D2712 /* instagramTests */ = {
			isa = PBXGroup;
			children = (
				C418EFEE203CB969004D2712 /* instagramTests.swift */,
				C418EFF0203CB969004D2712 /* Info.plist */,
			);
			path = instagramTests;
			sourceTree = "<group>";
		};
		C418EFF8203CB969004D2712 /* instagramUITests */ = {
			isa = PBXGroup;
			children = (
				C418EFF9203CB969004D2712 /* instagramUITests.swift */,
				C418EFFB203CB969004D2712 /* Info.plist */,
			);
			path = instagramUITests;
			sourceTree = "<group>";
		};
		C8116D7B6C72F7E581B8D6F3 /* Pods */ = {
			isa = PBXGroup;
			children = (
				C014CC7049B05E81229C78BB /* Pods-instagram.debug.xcconfig */,
				E8CFA48D84BC4E15457B5A78 /* Pods-instagram.release.xcconfig */,
				A49D7C356CD80EE83F15729F /* Pods-instagramTests.debug.xcconfig */,
				F4A28AD260AF1CB289446A0A /* Pods-instagramTests.release.xcconfig */,
				FE3FEAD119A999D0097CC42C /* Pods-instagramUITests.debug.xcconfig */,
				241891B7EAC19CC864647DBF /* Pods-instagramUITests.release.xcconfig */,
			);
			name = Pods;
			sourceTree = "<group>";
		};
/* End PBXGroup section */

/* Begin PBXNativeTarget section */
		C418EFD5203CB968004D2712 /* instagram */ = {
			isa = PBXNativeTarget;
			buildConfigurationList = C418EFFE203CB969004D2712 /* Build configuration list for PBXNativeTarget "instagram" */;
			buildPhases = (
				73E9B6CA3842B014C36C0C5E /* [CP] Check Pods Manifest.lock */,
				C418EFD2203CB968004D2712 /* Sources */,
				C418EFD3203CB968004D2712 /* Frameworks */,
				C418EFD4203CB968004D2712 /* Resources */,
				94F089916CE754AF7FE066DD /* [CP] Embed Pods Frameworks */,
				92FB2363A1570CB3E7B83105 /* [CP] Copy Pods Resources */,
			);
			buildRules = (
			);
			dependencies = (
			);
			name = instagram;
			productName = instagram;
			productReference = C418EFD6203CB968004D2712 /* instagram.app */;
			productType = "com.apple.product-type.application";
		};
		C418EFE9203CB969004D2712 /* instagramTests */ = {
			isa = PBXNativeTarget;
			buildConfigurationList = C418F001203CB969004D2712 /* Build configuration list for PBXNativeTarget "instagramTests" */;
			buildPhases = (
				247C1D512CD7A939A6525FB8 /* [CP] Check Pods Manifest.lock */,
				C418EFE6203CB969004D2712 /* Sources */,
				C418EFE7203CB969004D2712 /* Frameworks */,
				C418EFE8203CB969004D2712 /* Resources */,
				4F8441147CB6506AAC14AAA4 /* [CP] Embed Pods Frameworks */,
				C32E48A889D7290F7EC536FA /* [CP] Copy Pods Resources */,
			);
			buildRules = (
			);
			dependencies = (
				C418EFEC203CB969004D2712 /* PBXTargetDependency */,
			);
			name = instagramTests;
			productName = instagramTests;
			productReference = C418EFEA203CB969004D2712 /* instagramTests.xctest */;
			productType = "com.apple.product-type.bundle.unit-test";
		};
		C418EFF4203CB969004D2712 /* instagramUITests */ = {
			isa = PBXNativeTarget;
			buildConfigurationList = C418F004203CB969004D2712 /* Build configuration list for PBXNativeTarget "instagramUITests" */;
			buildPhases = (
				0B7D3A50948C6C5134FEE433 /* [CP] Check Pods Manifest.lock */,
				C418EFF1203CB969004D2712 /* Sources */,
				C418EFF2203CB969004D2712 /* Frameworks */,
				C418EFF3203CB969004D2712 /* Resources */,
				73BE0021F1111352B8D818F0 /* [CP] Embed Pods Frameworks */,
				D9CB0E9F61D74128F4C3D27E /* [CP] Copy Pods Resources */,
			);
			buildRules = (
			);
			dependencies = (
				C418EFF7203CB969004D2712 /* PBXTargetDependency */,
			);
			name = instagramUITests;
			productName = instagramUITests;
			productReference = C418EFF5203CB969004D2712 /* instagramUITests.xctest */;
			productType = "com.apple.product-type.bundle.ui-testing";
		};
/* End PBXNativeTarget section */

/* Begin PBXProject section */
		C418EFCE203CB968004D2712 /* Project object */ = {
			isa = PBXProject;
			attributes = {
				LastSwiftUpdateCheck = 0920;
				LastUpgradeCheck = 0920;
				ORGANIZATIONNAME = "Mike Lin";
				TargetAttributes = {
					C418EFD5203CB968004D2712 = {
						CreatedOnToolsVersion = 9.2;
						ProvisioningStyle = Automatic;
					};
					C418EFE9203CB969004D2712 = {
						CreatedOnToolsVersion = 9.2;
						ProvisioningStyle = Automatic;
						TestTargetID = C418EFD5203CB968004D2712;
					};
					C418EFF4203CB969004D2712 = {
						CreatedOnToolsVersion = 9.2;
						ProvisioningStyle = Automatic;
						TestTargetID = C418EFD5203CB968004D2712;
					};
				};
			};
			buildConfigurationList = C418EFD1203CB968004D2712 /* Build configuration list for PBXProject "instagram" */;
			compatibilityVersion = "Xcode 8.0";
			developmentRegion = en;
			hasScannedForEncodings = 0;
			knownRegions = (
				en,
				Base,
			);
			mainGroup = C418EFCD203CB968004D2712;
			productRefGroup = C418EFD7203CB968004D2712 /* Products */;
			projectDirPath = "";
			projectRoot = "";
			targets = (
				C418EFD5203CB968004D2712 /* instagram */,
				C418EFE9203CB969004D2712 /* instagramTests */,
				C418EFF4203CB969004D2712 /* instagramUITests */,
			);
		};
/* End PBXProject section */

/* Begin PBXResourcesBuildPhase section */
		C418EFD4203CB968004D2712 /* Resources */ = {
			isa = PBXResourcesBuildPhase;
			buildActionMask = 2147483647;
			files = (
				C418EFE4203CB968004D2712 /* LaunchScreen.storyboard in Resources */,
				C418EFE1203CB968004D2712 /* Assets.xcassets in Resources */,
				C418EFDF203CB968004D2712 /* Main.storyboard in Resources */,
			);
			runOnlyForDeploymentPostprocessing = 0;
		};
		C418EFE8203CB969004D2712 /* Resources */ = {
			isa = PBXResourcesBuildPhase;
			buildActionMask = 2147483647;
			files = (
			);
			runOnlyForDeploymentPostprocessing = 0;
		};
		C418EFF3203CB969004D2712 /* Resources */ = {
			isa = PBXResourcesBuildPhase;
			buildActionMask = 2147483647;
			files = (
			);
			runOnlyForDeploymentPostprocessing = 0;
		};
/* End PBXResourcesBuildPhase section */

/* Begin PBXShellScriptBuildPhase section */
		0B7D3A50948C6C5134FEE433 /* [CP] Check Pods Manifest.lock */ = {
			isa = PBXShellScriptBuildPhase;
			buildActionMask = 2147483647;
			files = (
			);
			inputPaths = (
				"${PODS_PODFILE_DIR_PATH}/Podfile.lock",
				"${PODS_ROOT}/Manifest.lock",
			);
			name = "[CP] Check Pods Manifest.lock";
			outputPaths = (
				"$(DERIVED_FILE_DIR)/Pods-instagramUITests-checkManifestLockResult.txt",
			);
			runOnlyForDeploymentPostprocessing = 0;
			shellPath = /bin/sh;
			shellScript = "diff \"${PODS_PODFILE_DIR_PATH}/Podfile.lock\" \"${PODS_ROOT}/Manifest.lock\" > /dev/null\nif [ $? != 0 ] ; then\n    # print error to STDERR\n    echo \"error: The sandbox is not in sync with the Podfile.lock. Run 'pod install' or update your CocoaPods installation.\" >&2\n    exit 1\nfi\n# This output is used by Xcode 'outputs' to avoid re-running this script phase.\necho \"SUCCESS\" > \"${SCRIPT_OUTPUT_FILE_0}\"\n";
			showEnvVarsInLog = 0;
		};
		247C1D512CD7A939A6525FB8 /* [CP] Check Pods Manifest.lock */ = {
			isa = PBXShellScriptBuildPhase;
			buildActionMask = 2147483647;
			files = (
			);
			inputPaths = (
				"${PODS_PODFILE_DIR_PATH}/Podfile.lock",
				"${PODS_ROOT}/Manifest.lock",
			);
			name = "[CP] Check Pods Manifest.lock";
			outputPaths = (
				"$(DERIVED_FILE_DIR)/Pods-instagramTests-checkManifestLockResult.txt",
			);
			runOnlyForDeploymentPostprocessing = 0;
			shellPath = /bin/sh;
			shellScript = "diff \"${PODS_PODFILE_DIR_PATH}/Podfile.lock\" \"${PODS_ROOT}/Manifest.lock\" > /dev/null\nif [ $? != 0 ] ; then\n    # print error to STDERR\n    echo \"error: The sandbox is not in sync with the Podfile.lock. Run 'pod install' or update your CocoaPods installation.\" >&2\n    exit 1\nfi\n# This output is used by Xcode 'outputs' to avoid re-running this script phase.\necho \"SUCCESS\" > \"${SCRIPT_OUTPUT_FILE_0}\"\n";
			showEnvVarsInLog = 0;
		};
		4F8441147CB6506AAC14AAA4 /* [CP] Embed Pods Frameworks */ = {
			isa = PBXShellScriptBuildPhase;
			buildActionMask = 2147483647;
			files = (
			);
			inputPaths = (
			);
			name = "[CP] Embed Pods Frameworks";
			outputPaths = (
			);
			runOnlyForDeploymentPostprocessing = 0;
			shellPath = /bin/sh;
			shellScript = "\"${SRCROOT}/Pods/Target Support Files/Pods-instagramTests/Pods-instagramTests-frameworks.sh\"\n";
			showEnvVarsInLog = 0;
		};
		73BE0021F1111352B8D818F0 /* [CP] Embed Pods Frameworks */ = {
			isa = PBXShellScriptBuildPhase;
			buildActionMask = 2147483647;
			files = (
			);
			inputPaths = (
			);
			name = "[CP] Embed Pods Frameworks";
			outputPaths = (
			);
			runOnlyForDeploymentPostprocessing = 0;
			shellPath = /bin/sh;
			shellScript = "\"${SRCROOT}/Pods/Target Support Files/Pods-instagramUITests/Pods-instagramUITests-frameworks.sh\"\n";
			showEnvVarsInLog = 0;
		};
		73E9B6CA3842B014C36C0C5E /* [CP] Check Pods Manifest.lock */ = {
			isa = PBXShellScriptBuildPhase;
			buildActionMask = 2147483647;
			files = (
			);
			inputPaths = (
				"${PODS_PODFILE_DIR_PATH}/Podfile.lock",
				"${PODS_ROOT}/Manifest.lock",
			);
			name = "[CP] Check Pods Manifest.lock";
			outputPaths = (
				"$(DERIVED_FILE_DIR)/Pods-instagram-checkManifestLockResult.txt",
			);
			runOnlyForDeploymentPostprocessing = 0;
			shellPath = /bin/sh;
			shellScript = "diff \"${PODS_PODFILE_DIR_PATH}/Podfile.lock\" \"${PODS_ROOT}/Manifest.lock\" > /dev/null\nif [ $? != 0 ] ; then\n    # print error to STDERR\n    echo \"error: The sandbox is not in sync with the Podfile.lock. Run 'pod install' or update your CocoaPods installation.\" >&2\n    exit 1\nfi\n# This output is used by Xcode 'outputs' to avoid re-running this script phase.\necho \"SUCCESS\" > \"${SCRIPT_OUTPUT_FILE_0}\"\n";
			showEnvVarsInLog = 0;
		};
		92FB2363A1570CB3E7B83105 /* [CP] Copy Pods Resources */ = {
			isa = PBXShellScriptBuildPhase;
			buildActionMask = 2147483647;
			files = (
			);
			inputPaths = (
			);
			name = "[CP] Copy Pods Resources";
			outputPaths = (
			);
			runOnlyForDeploymentPostprocessing = 0;
			shellPath = /bin/sh;
			shellScript = "\"${SRCROOT}/Pods/Target Support Files/Pods-instagram/Pods-instagram-resources.sh\"\n";
			showEnvVarsInLog = 0;
		};
		94F089916CE754AF7FE066DD /* [CP] Embed Pods Frameworks */ = {
			isa = PBXShellScriptBuildPhase;
			buildActionMask = 2147483647;
			files = (
			);
			inputPaths = (
				"${SRCROOT}/Pods/Target Support Files/Pods-instagram/Pods-instagram-frameworks.sh",
				"${BUILT_PRODUCTS_DIR}/Bolts/Bolts.framework",
				"${BUILT_PRODUCTS_DIR}/Parse/Parse.framework",
			);
			name = "[CP] Embed Pods Frameworks";
			outputPaths = (
				"${TARGET_BUILD_DIR}/${FRAMEWORKS_FOLDER_PATH}/Bolts.framework",
				"${TARGET_BUILD_DIR}/${FRAMEWORKS_FOLDER_PATH}/Parse.framework",
			);
			runOnlyForDeploymentPostprocessing = 0;
			shellPath = /bin/sh;
			shellScript = "\"${SRCROOT}/Pods/Target Support Files/Pods-instagram/Pods-instagram-frameworks.sh\"\n";
			showEnvVarsInLog = 0;
		};
		C32E48A889D7290F7EC536FA /* [CP] Copy Pods Resources */ = {
			isa = PBXShellScriptBuildPhase;
			buildActionMask = 2147483647;
			files = (
			);
			inputPaths = (
			);
			name = "[CP] Copy Pods Resources";
			outputPaths = (
			);
			runOnlyForDeploymentPostprocessing = 0;
			shellPath = /bin/sh;
			shellScript = "\"${SRCROOT}/Pods/Target Support Files/Pods-instagramTests/Pods-instagramTests-resources.sh\"\n";
			showEnvVarsInLog = 0;
		};
		D9CB0E9F61D74128F4C3D27E /* [CP] Copy Pods Resources */ = {
			isa = PBXShellScriptBuildPhase;
			buildActionMask = 2147483647;
			files = (
			);
			inputPaths = (
			);
			name = "[CP] Copy Pods Resources";
			outputPaths = (
			);
			runOnlyForDeploymentPostprocessing = 0;
			shellPath = /bin/sh;
			shellScript = "\"${SRCROOT}/Pods/Target Support Files/Pods-instagramUITests/Pods-instagramUITests-resources.sh\"\n";
			showEnvVarsInLog = 0;
		};
/* End PBXShellScriptBuildPhase section */

/* Begin PBXSourcesBuildPhase section */
		C418EFD2203CB968004D2712 /* Sources */ = {
			isa = PBXSourcesBuildPhase;
			buildActionMask = 2147483647;
			files = (
				C4DE94B3203CFB58002D996E /* LoginViewController.swift in Sources */,
				C418EFDC203CB968004D2712 /* ViewController.swift in Sources */,
				C418EFDA203CB968004D2712 /* AppDelegate.swift in Sources */,
			);
			runOnlyForDeploymentPostprocessing = 0;
		};
		C418EFE6203CB969004D2712 /* Sources */ = {
			isa = PBXSourcesBuildPhase;
			buildActionMask = 2147483647;
			files = (
				C418EFEF203CB969004D2712 /* instagramTests.swift in Sources */,
			);
			runOnlyForDeploymentPostprocessing = 0;
		};
		C418EFF1203CB969004D2712 /* Sources */ = {
			isa = PBXSourcesBuildPhase;
			buildActionMask = 2147483647;
			files = (
				C418EFFA203CB969004D2712 /* instagramUITests.swift in Sources */,
			);
			runOnlyForDeploymentPostprocessing = 0;
		};
/* End PBXSourcesBuildPhase section */

/* Begin PBXTargetDependency section */
		C418EFEC203CB969004D2712 /* PBXTargetDependency */ = {
			isa = PBXTargetDependency;
			target = C418EFD5203CB968004D2712 /* instagram */;
			targetProxy = C418EFEB203CB969004D2712 /* PBXContainerItemProxy */;
		};
		C418EFF7203CB969004D2712 /* PBXTargetDependency */ = {
			isa = PBXTargetDependency;
			target = C418EFD5203CB968004D2712 /* instagram */;
			targetProxy = C418EFF6203CB969004D2712 /* PBXContainerItemProxy */;
		};
/* End PBXTargetDependency section */

/* Begin PBXVariantGroup section */
		C418EFDD203CB968004D2712 /* Main.storyboard */ = {
			isa = PBXVariantGroup;
			children = (
				C418EFDE203CB968004D2712 /* Base */,
			);
			name = Main.storyboard;
			sourceTree = "<group>";
		};
		C418EFE2203CB968004D2712 /* LaunchScreen.storyboard */ = {
			isa = PBXVariantGroup;
			children = (
				C418EFE3203CB968004D2712 /* Base */,
			);
			name = LaunchScreen.storyboard;
			sourceTree = "<group>";
		};
/* End PBXVariantGroup section */

/* Begin XCBuildConfiguration section */
		C418EFFC203CB969004D2712 /* Debug */ = {
			isa = XCBuildConfiguration;
			buildSettings = {
				ALWAYS_SEARCH_USER_PATHS = NO;
				CLANG_ANALYZER_NONNULL = YES;
				CLANG_ANALYZER_NUMBER_OBJECT_CONVERSION = YES_AGGRESSIVE;
				CLANG_CXX_LANGUAGE_STANDARD = "gnu++14";
				CLANG_CXX_LIBRARY = "libc++";
				CLANG_ENABLE_MODULES = YES;
				CLANG_ENABLE_OBJC_ARC = YES;
				CLANG_WARN_BLOCK_CAPTURE_AUTORELEASING = YES;
				CLANG_WARN_BOOL_CONVERSION = YES;
				CLANG_WARN_COMMA = YES;
				CLANG_WARN_CONSTANT_CONVERSION = YES;
				CLANG_WARN_DIRECT_OBJC_ISA_USAGE = YES_ERROR;
				CLANG_WARN_DOCUMENTATION_COMMENTS = YES;
				CLANG_WARN_EMPTY_BODY = YES;
				CLANG_WARN_ENUM_CONVERSION = YES;
				CLANG_WARN_INFINITE_RECURSION = YES;
				CLANG_WARN_INT_CONVERSION = YES;
				CLANG_WARN_NON_LITERAL_NULL_CONVERSION = YES;
				CLANG_WARN_OBJC_LITERAL_CONVERSION = YES;
				CLANG_WARN_OBJC_ROOT_CLASS = YES_ERROR;
				CLANG_WARN_RANGE_LOOP_ANALYSIS = YES;
				CLANG_WARN_STRICT_PROTOTYPES = YES;
				CLANG_WARN_SUSPICIOUS_MOVE = YES;
				CLANG_WARN_UNGUARDED_AVAILABILITY = YES_AGGRESSIVE;
				CLANG_WARN_UNREACHABLE_CODE = YES;
				CLANG_WARN__DUPLICATE_METHOD_MATCH = YES;
				CODE_SIGN_IDENTITY = "iPhone Developer";
				COPY_PHASE_STRIP = NO;
				DEBUG_INFORMATION_FORMAT = dwarf;
				ENABLE_STRICT_OBJC_MSGSEND = YES;
				ENABLE_TESTABILITY = YES;
				GCC_C_LANGUAGE_STANDARD = gnu11;
				GCC_DYNAMIC_NO_PIC = NO;
				GCC_NO_COMMON_BLOCKS = YES;
				GCC_OPTIMIZATION_LEVEL = 0;
				GCC_PREPROCESSOR_DEFINITIONS = (
					"DEBUG=1",
					"$(inherited)",
				);
				GCC_WARN_64_TO_32_BIT_CONVERSION = YES;
				GCC_WARN_ABOUT_RETURN_TYPE = YES_ERROR;
				GCC_WARN_UNDECLARED_SELECTOR = YES;
				GCC_WARN_UNINITIALIZED_AUTOS = YES_AGGRESSIVE;
				GCC_WARN_UNUSED_FUNCTION = YES;
				GCC_WARN_UNUSED_VARIABLE = YES;
				IPHONEOS_DEPLOYMENT_TARGET = 11.2;
				MTL_ENABLE_DEBUG_INFO = YES;
				ONLY_ACTIVE_ARCH = YES;
				SDKROOT = iphoneos;
				SWIFT_ACTIVE_COMPILATION_CONDITIONS = DEBUG;
				SWIFT_OPTIMIZATION_LEVEL = "-Onone";
			};
			name = Debug;
		};
		C418EFFD203CB969004D2712 /* Release */ = {
			isa = XCBuildConfiguration;
			buildSettings = {
				ALWAYS_SEARCH_USER_PATHS = NO;
				CLANG_ANALYZER_NONNULL = YES;
				CLANG_ANALYZER_NUMBER_OBJECT_CONVERSION = YES_AGGRESSIVE;
				CLANG_CXX_LANGUAGE_STANDARD = "gnu++14";
				CLANG_CXX_LIBRARY = "libc++";
				CLANG_ENABLE_MODULES = YES;
				CLANG_ENABLE_OBJC_ARC = YES;
				CLANG_WARN_BLOCK_CAPTURE_AUTORELEASING = YES;
				CLANG_WARN_BOOL_CONVERSION = YES;
				CLANG_WARN_COMMA = YES;
				CLANG_WARN_CONSTANT_CONVERSION = YES;
				CLANG_WARN_DIRECT_OBJC_ISA_USAGE = YES_ERROR;
				CLANG_WARN_DOCUMENTATION_COMMENTS = YES;
				CLANG_WARN_EMPTY_BODY = YES;
				CLANG_WARN_ENUM_CONVERSION = YES;
				CLANG_WARN_INFINITE_RECURSION = YES;
				CLANG_WARN_INT_CONVERSION = YES;
				CLANG_WARN_NON_LITERAL_NULL_CONVERSION = YES;
				CLANG_WARN_OBJC_LITERAL_CONVERSION = YES;
				CLANG_WARN_OBJC_ROOT_CLASS = YES_ERROR;
				CLANG_WARN_RANGE_LOOP_ANALYSIS = YES;
				CLANG_WARN_STRICT_PROTOTYPES = YES;
				CLANG_WARN_SUSPICIOUS_MOVE = YES;
				CLANG_WARN_UNGUARDED_AVAILABILITY = YES_AGGRESSIVE;
				CLANG_WARN_UNREACHABLE_CODE = YES;
				CLANG_WARN__DUPLICATE_METHOD_MATCH = YES;
				CODE_SIGN_IDENTITY = "iPhone Developer";
				COPY_PHASE_STRIP = NO;
				DEBUG_INFORMATION_FORMAT = "dwarf-with-dsym";
				ENABLE_NS_ASSERTIONS = NO;
				ENABLE_STRICT_OBJC_MSGSEND = YES;
				GCC_C_LANGUAGE_STANDARD = gnu11;
				GCC_NO_COMMON_BLOCKS = YES;
				GCC_WARN_64_TO_32_BIT_CONVERSION = YES;
				GCC_WARN_ABOUT_RETURN_TYPE = YES_ERROR;
				GCC_WARN_UNDECLARED_SELECTOR = YES;
				GCC_WARN_UNINITIALIZED_AUTOS = YES_AGGRESSIVE;
				GCC_WARN_UNUSED_FUNCTION = YES;
				GCC_WARN_UNUSED_VARIABLE = YES;
				IPHONEOS_DEPLOYMENT_TARGET = 11.2;
				MTL_ENABLE_DEBUG_INFO = NO;
				SDKROOT = iphoneos;
				SWIFT_OPTIMIZATION_LEVEL = "-Owholemodule";
				VALIDATE_PRODUCT = YES;
			};
			name = Release;
		};
		C418EFFF203CB969004D2712 /* Debug */ = {
			isa = XCBuildConfiguration;
			baseConfigurationReference = C014CC7049B05E81229C78BB /* Pods-instagram.debug.xcconfig */;
			buildSettings = {
				ASSETCATALOG_COMPILER_APPICON_NAME = AppIcon;
				CODE_SIGN_STYLE = Automatic;
				DEVELOPMENT_TEAM = 8W5LLV26X4;
				INFOPLIST_FILE = instagram/Info.plist;
				LD_RUNPATH_SEARCH_PATHS = "$(inherited) @executable_path/Frameworks";
				PRODUCT_BUNDLE_IDENTIFIER = mlin.instagram;
				PRODUCT_NAME = "$(TARGET_NAME)";
				SWIFT_VERSION = 4.0;
				TARGETED_DEVICE_FAMILY = "1,2";
			};
			name = Debug;
		};
		C418F000203CB969004D2712 /* Release */ = {
			isa = XCBuildConfiguration;
			baseConfigurationReference = E8CFA48D84BC4E15457B5A78 /* Pods-instagram.release.xcconfig */;
			buildSettings = {
				ASSETCATALOG_COMPILER_APPICON_NAME = AppIcon;
				CODE_SIGN_STYLE = Automatic;
				DEVELOPMENT_TEAM = 8W5LLV26X4;
				INFOPLIST_FILE = instagram/Info.plist;
				LD_RUNPATH_SEARCH_PATHS = "$(inherited) @executable_path/Frameworks";
				PRODUCT_BUNDLE_IDENTIFIER = mlin.instagram;
				PRODUCT_NAME = "$(TARGET_NAME)";
				SWIFT_VERSION = 4.0;
				TARGETED_DEVICE_FAMILY = "1,2";
			};
			name = Release;
		};
		C418F002203CB969004D2712 /* Debug */ = {
			isa = XCBuildConfiguration;
			baseConfigurationReference = A49D7C356CD80EE83F15729F /* Pods-instagramTests.debug.xcconfig */;
			buildSettings = {
				ALWAYS_EMBED_SWIFT_STANDARD_LIBRARIES = YES;
				BUNDLE_LOADER = "$(TEST_HOST)";
				CODE_SIGN_STYLE = Automatic;
				DEVELOPMENT_TEAM = 8W5LLV26X4;
				INFOPLIST_FILE = instagramTests/Info.plist;
				LD_RUNPATH_SEARCH_PATHS = "$(inherited) @executable_path/Frameworks @loader_path/Frameworks";
				PRODUCT_BUNDLE_IDENTIFIER = mlin.instagramTests;
				PRODUCT_NAME = "$(TARGET_NAME)";
				SWIFT_VERSION = 4.0;
				TARGETED_DEVICE_FAMILY = "1,2";
				TEST_HOST = "$(BUILT_PRODUCTS_DIR)/instagram.app/instagram";
			};
			name = Debug;
		};
		C418F003203CB969004D2712 /* Release */ = {
			isa = XCBuildConfiguration;
			baseConfigurationReference = F4A28AD260AF1CB289446A0A /* Pods-instagramTests.release.xcconfig */;
			buildSettings = {
				ALWAYS_EMBED_SWIFT_STANDARD_LIBRARIES = YES;
				BUNDLE_LOADER = "$(TEST_HOST)";
				CODE_SIGN_STYLE = Automatic;
				DEVELOPMENT_TEAM = 8W5LLV26X4;
				INFOPLIST_FILE = instagramTests/Info.plist;
				LD_RUNPATH_SEARCH_PATHS = "$(inherited) @executable_path/Frameworks @loader_path/Frameworks";
				PRODUCT_BUNDLE_IDENTIFIER = mlin.instagramTests;
				PRODUCT_NAME = "$(TARGET_NAME)";
				SWIFT_VERSION = 4.0;
				TARGETED_DEVICE_FAMILY = "1,2";
				TEST_HOST = "$(BUILT_PRODUCTS_DIR)/instagram.app/instagram";
			};
			name = Release;
		};
		C418F005203CB969004D2712 /* Debug */ = {
			isa = XCBuildConfiguration;
			baseConfigurationReference = FE3FEAD119A999D0097CC42C /* Pods-instagramUITests.debug.xcconfig */;
			buildSettings = {
				ALWAYS_EMBED_SWIFT_STANDARD_LIBRARIES = YES;
				CODE_SIGN_STYLE = Automatic;
				DEVELOPMENT_TEAM = 8W5LLV26X4;
				INFOPLIST_FILE = instagramUITests/Info.plist;
				LD_RUNPATH_SEARCH_PATHS = "$(inherited) @executable_path/Frameworks @loader_path/Frameworks";
				PRODUCT_BUNDLE_IDENTIFIER = mlin.instagramUITests;
				PRODUCT_NAME = "$(TARGET_NAME)";
				SWIFT_VERSION = 4.0;
				TARGETED_DEVICE_FAMILY = "1,2";
				TEST_TARGET_NAME = instagram;
			};
			name = Debug;
		};
		C418F006203CB969004D2712 /* Release */ = {
			isa = XCBuildConfiguration;
			baseConfigurationReference = 241891B7EAC19CC864647DBF /* Pods-instagramUITests.release.xcconfig */;
			buildSettings = {
				ALWAYS_EMBED_SWIFT_STANDARD_LIBRARIES = YES;
				CODE_SIGN_STYLE = Automatic;
				DEVELOPMENT_TEAM = 8W5LLV26X4;
				INFOPLIST_FILE = instagramUITests/Info.plist;
				LD_RUNPATH_SEARCH_PATHS = "$(inherited) @executable_path/Frameworks @loader_path/Frameworks";
				PRODUCT_BUNDLE_IDENTIFIER = mlin.instagramUITests;
				PRODUCT_NAME = "$(TARGET_NAME)";
				SWIFT_VERSION = 4.0;
				TARGETED_DEVICE_FAMILY = "1,2";
				TEST_TARGET_NAME = instagram;
			};
			name = Release;
		};
/* End XCBuildConfiguration section */

/* Begin XCConfigurationList section */
		C418EFD1203CB968004D2712 /* Build configuration list for PBXProject "instagram" */ = {
			isa = XCConfigurationList;
			buildConfigurations = (
				C418EFFC203CB969004D2712 /* Debug */,
				C418EFFD203CB969004D2712 /* Release */,
			);
			defaultConfigurationIsVisible = 0;
			defaultConfigurationName = Release;
		};
		C418EFFE203CB969004D2712 /* Build configuration list for PBXNativeTarget "instagram" */ = {
			isa = XCConfigurationList;
			buildConfigurations = (
				C418EFFF203CB969004D2712 /* Debug */,
				C418F000203CB969004D2712 /* Release */,
			);
			defaultConfigurationIsVisible = 0;
			defaultConfigurationName = Release;
		};
		C418F001203CB969004D2712 /* Build configuration list for PBXNativeTarget "instagramTests" */ = {
			isa = XCConfigurationList;
			buildConfigurations = (
				C418F002203CB969004D2712 /* Debug */,
				C418F003203CB969004D2712 /* Release */,
			);
			defaultConfigurationIsVisible = 0;
			defaultConfigurationName = Release;
		};
		C418F004203CB969004D2712 /* Build configuration list for PBXNativeTarget "instagramUITests" */ = {
			isa = XCConfigurationList;
			buildConfigurations = (
				C418F005203CB969004D2712 /* Debug */,
				C418F006203CB969004D2712 /* Release */,
			);
			defaultConfigurationIsVisible = 0;
			defaultConfigurationName = Release;
		};
/* End XCConfigurationList section */
	};
	rootObject = C418EFCE203CB968004D2712 /* Project object */;
}
